
Microsoft Visual Studio Solution File, Format Version 12.00
# Visual Studio Version 17
VisualStudioVersion = 17.8.34330.188
MinimumVisualStudioVersion = 10.0.40219.1
Project("{FAE04EC0-301F-11D3-BF4B-00C04F79EFBC}") = "Superclub-fotballapp.Server", "Superclub-fotballapp.Server\Superclub-fotballapp.Server.csproj", "{06ACC241-B122-4B3D-9C37-8DCD4139FDF9}"
EndProject
Project("{54A90642-561A-4BB1-A94E-469ADEE60C69}") = "superclub-fotballapp.client", "superclub-fotballapp.client\superclub-fotballapp.client.esproj", "{97127EC5-E1C7-45E1-AE6D-1105129638BF}"
EndProject
Global
	GlobalSection(SolutionConfigurationPlatforms) = preSolution
		Debug|Any CPU = Debug|Any CPU
		Release|Any CPU = Release|Any CPU
	EndGlobalSection
	GlobalSection(ProjectConfigurationPlatforms) = postSolution
		{06ACC241-B122-4B3D-9C37-8DCD4139FDF9}.Debug|Any CPU.ActiveCfg = Debug|Any CPU
		{06ACC241-B122-4B3D-9C37-8DCD4139FDF9}.Debug|Any CPU.Build.0 = Debug|Any CPU
		{06ACC241-B122-4B3D-9C37-8DCD4139FDF9}.Release|Any CPU.ActiveCfg = Release|Any CPU
		{06ACC241-B122-4B3D-9C37-8DCD4139FDF9}.Release|Any CPU.Build.0 = Release|Any CPU
		{97127EC5-E1C7-45E1-AE6D-1105129638BF}.Debug|Any CPU.ActiveCfg = Debug|Any CPU
		{97127EC5-E1C7-45E1-AE6D-1105129638BF}.Debug|Any CPU.Build.0 = Debug|Any CPU
		{97127EC5-E1C7-45E1-AE6D-1105129638BF}.Debug|Any CPU.Deploy.0 = Debug|Any CPU
		{97127EC5-E1C7-45E1-AE6D-1105129638BF}.Release|Any CPU.ActiveCfg = Release|Any CPU
		{97127EC5-E1C7-45E1-AE6D-1105129638BF}.Release|Any CPU.Build.0 = Release|Any CPU
		{97127EC5-E1C7-45E1-AE6D-1105129638BF}.Release|Any CPU.Deploy.0 = Release|Any CPU
	EndGlobalSection
	GlobalSection(SolutionProperties) = preSolution
		HideSolutionNode = FALSE
	EndGlobalSection
	GlobalSection(ExtensibilityGlobals) = postSolution
		SolutionGuid = {71434CBD-C90A-410E-A602-05B9752CFF8D}
	EndGlobalSection
EndGlobal
